
Microsoft Visual Studio Solution File, Format Version 12.00
# Visual Studio Version 16
VisualStudioVersion = 16.0.31205.134
MinimumVisualStudioVersion = 10.0.40219.1
Project("{9A19103F-16F7-4668-BE54-9A1E7A4F7556}") = "AccountingAPI", "AccountingAPI.csproj", "{6C0EF2A9-9AF8-4F48-AD63-6D8A50FDC5F0}"
EndProject
Global
	GlobalSection(SolutionConfigurationPlatforms) = preSolution
		Debug|Any CPU = Debug|Any CPU
		Release|Any CPU = Release|Any CPU
	EndGlobalSection
	GlobalSection(ProjectConfigurationPlatforms) = postSolution
		{6C0EF2A9-9AF8-4F48-AD63-6D8A50FDC5F0}.Debug|Any CPU.ActiveCfg = Debug|Any CPU
		{6C0EF2A9-9AF8-4F48-AD63-6D8A50FDC5F0}.Debug|Any CPU.Build.0 = Debug|Any CPU
		{6C0EF2A9-9AF8-4F48-AD63-6D8A50FDC5F0}.Release|Any CPU.ActiveCfg = Release|Any CPU
		{6C0EF2A9-9AF8-4F48-AD63-6D8A50FDC5F0}.Release|Any CPU.Build.0 = Release|Any CPU
	EndGlobalSection
	GlobalSection(SolutionProperties) = preSolution
		HideSolutionNode = FALSE
	EndGlobalSection
	GlobalSection(ExtensibilityGlobals) = postSolution
		SolutionGuid = {A7B6F5EA-AF00-4DDC-87CB-03358EDE3E0A}
	EndGlobalSection
EndGlobal
